hash: fbaac0a0162a5ba958e151d43661672cd11ccb558a1038a23868dce62048d194
updated: 2018-01-21T15:21:55.347105956+09:00
imports:
- name: github.com/elazarl/go-bindata-assetfs
  version: 30f82fa23fd844bd5bb1e5f216db87fd77b5eb43
- name: github.com/gin-gonic/contrib
  version: 88aede40372d4bcb11e45168a8c30d99e44cf617
  subpackages:
  - static
- name: github.com/gin-gonic/gin
  version: e2212d40c62a98b388a5eb48ecbdcf88534688ba
  subpackages:
  - binding
  - render
- name: github.com/golang/protobuf
  version: 2402d76f3d41f928c7902a765dfc872356dd3aad
  subpackages:
  - proto
- name: github.com/higanworks/envmap
  version: 4eb38fd4f96bdca0deb8691ae3d25ac97912d650
- name: github.com/inconshreveable/mousetrap
  version: 76626ae9c91c4f2a10f34cad8ce83ea42c93bb75
- name: github.com/jinzhu/gorm
  version: 45ccb134373e7d9fa76d5987a6fed6cd5a5adfd4
  subpackages:
  - dialects/sqlite
- name: github.com/jinzhu/inflection
  version: 1c35d901db3da928c72a72d8458480cc9ade058f
- name: github.com/manucorporat/sse
  version: ee05b128a739a0fb76c7ebd3ae4810c1de808d6d
- name: github.com/mattn/go-isatty
  version: fc9e8d8ef48496124e79ae0df75490096eccf6fe
- name: github.com/mattn/go-sqlite3
  version: ca5e3819723d8eeaf170ad510e7da1d6d2e94a08
- name: github.com/qb0C80aE/loam
  version: c366ccbccef307f6cd1d59313e8ba29a036911a6
  subpackages:
  - controllers
  - logics
  - models
  - utils/net
- name: github.com/qb0C80aE/pottery
  version: 95f480d4467cb6240b7b760b3000728a587a9608
  subpackages:
  - controllers
  - logics
  - models
  - ui
- name: github.com/serenize/snaker
  version: 543781d2b79bd95c51ffe70e70a55c946ca211ff
- name: github.com/spf13/cobra
  version: 7b2c5ac9fc04fc5efafb60700713d4fa609b777b
- name: github.com/spf13/pflag
  version: 1f33b80956cde38911d1f23d764deb8d77a649ce
- name: github.com/umisama/golog
  version: 4ebae395687aca5427e6ac844c38cf0ca033e8c3
- name: golang.org/x/net
  version: f315505cf3349909cdf013ea56690da34e96a451
  subpackages:
  - context
- name: golang.org/x/sys
  version: f3918c30c5c2cb527c0b071a27c35120a6c0719a
  subpackages:
  - unix
- name: gopkg.in/go-playground/validator.v8
  version: c193cecd124b5cc722d7ee5538e945bdb3348435
- name: gopkg.in/yaml.v2
  version: cd8b52f8269e0feb286dfeef29f8fe4d5b397e0b
testImports:
- name: github.com/bouk/monkey
  version: b96e337f6e5b36906584cd0cf9803bbab09284f7
